// !$*UTF8*$!
{
	archiveVersion = 1;
	classes = {
	};
	objectVersion = 56;
	objects = {

/* Begin PBXBuildFile section */
		1A66D9912C1CB11200174AD4 /* NewCardView.swift in Sources */ = {isa = PBXBuildFile; fileRef = 1A66D9902C1CB11200174AD4 /* NewCardView.swift */; };
		1A66D9932C1CB12200174AD4 /* NewCard.swift in Sources */ = {isa = PBXBuildFile; fileRef = 1A66D9922C1CB12200174AD4 /* NewCard.swift */; };
		1E36E0E62C1D34BA002FDD96 /* TextEditor+.swift in Sources */ = {isa = PBXBuildFile; fileRef = 1E36E0E52C1D34BA002FDD96 /* TextEditor+.swift */; };
		1E36E0E92C1D3686002FDD96 /* MotionManager.swift in Sources */ = {isa = PBXBuildFile; fileRef = 1E36E0E82C1D3686002FDD96 /* MotionManager.swift */; };
		1E36E0EB2C1D3782002FDD96 /* -3jo-Info.plist in Resources */ = {isa = PBXBuildFile; fileRef = 1E36E0EA2C1D36FC002FDD96 /* -3jo-Info.plist */; };
		1EF68CC92C1C893A00DC2823 /* WorkUpApp.swift in Sources */ = {isa = PBXBuildFile; fileRef = 1EF68CC82C1C893A00DC2823 /* WorkUpApp.swift */; };
		1EF68CCD2C1C893C00DC2823 /* Assets.xcassets in Resources */ = {isa = PBXBuildFile; fileRef = 1EF68CCC2C1C893C00DC2823 /* Assets.xcassets */; };
		1EF68CD02C1C893C00DC2823 /* Preview Assets.xcassets in Resources */ = {isa = PBXBuildFile; fileRef = 1EF68CCF2C1C893C00DC2823 /* Preview Assets.xcassets */; };
		1EF68CED2C1CB15F00DC2823 /* CardDetailView.swift in Sources */ = {isa = PBXBuildFile; fileRef = 1EF68CEC2C1CB15F00DC2823 /* CardDetailView.swift */; };
		E7774F672C1CB1BB008CC440 /* TestCardView.swift in Sources */ = {isa = PBXBuildFile; fileRef = E7774F662C1CB1BB008CC440 /* TestCardView.swift */; };
		E7774F6A2C1CBD12008CC440 /* Color+.swift in Sources */ = {isa = PBXBuildFile; fileRef = E7774F692C1CBD12008CC440 /* Color+.swift */; };
		E7774F6C2C1CC953008CC440 /* TestMainView.swift in Sources */ = {isa = PBXBuildFile; fileRef = E7774F6B2C1CC953008CC440 /* TestMainView.swift */; };
		E7774F6E2C1CC9C2008CC440 /* EmptyTestCardView.swift in Sources */ = {isa = PBXBuildFile; fileRef = E7774F6D2C1CC9C2008CC440 /* EmptyTestCardView.swift */; };
		E7774F702C1CE71E008CC440 /* TestInformationView.swift in Sources */ = {isa = PBXBuildFile; fileRef = E7774F6F2C1CE71E008CC440 /* TestInformationView.swift */; };
		E7774F722C1D2CE8008CC440 /* View+.swift in Sources */ = {isa = PBXBuildFile; fileRef = E7774F712C1D2CE8008CC440 /* View+.swift */; };
/* End PBXBuildFile section */

/* Begin PBXFileReference section */
		1A66D9902C1CB11200174AD4 /* NewCardView.swift */ = {isa = PBXFileReference; lastKnownFileType = sourcecode.swift; path = NewCardView.swift; sourceTree = "<group>"; };
		1A66D9922C1CB12200174AD4 /* NewCard.swift */ = {isa = PBXFileReference; lastKnownFileType = sourcecode.swift; path = NewCard.swift; sourceTree = "<group>"; };
		1E36E0E52C1D34BA002FDD96 /* TextEditor+.swift */ = {isa = PBXFileReference; lastKnownFileType = sourcecode.swift; path = "TextEditor+.swift"; sourceTree = "<group>"; };
		1E36E0E82C1D3686002FDD96 /* MotionManager.swift */ = {isa = PBXFileReference; lastKnownFileType = sourcecode.swift; path = MotionManager.swift; sourceTree = "<group>"; };
		1E36E0EA2C1D36FC002FDD96 /* -3jo-Info.plist */ = {isa = PBXFileReference; lastKnownFileType = text.plist.xml; path = "-3jo-Info.plist"; sourceTree = SOURCE_ROOT; };
		1EF68CC52C1C893A00DC2823 /* 13jo.app */ = {isa = PBXFileReference; explicitFileType = wrapper.application; includeInIndex = 0; path = 13jo.app; sourceTree = BUILT_PRODUCTS_DIR; };
		1EF68CC82C1C893A00DC2823 /* WorkUpApp.swift */ = {isa = PBXFileReference; lastKnownFileType = sourcecode.swift; path = WorkUpApp.swift; sourceTree = "<group>"; };
		1EF68CCC2C1C893C00DC2823 /* Assets.xcassets */ = {isa = PBXFileReference; lastKnownFileType = folder.assetcatalog; path = Assets.xcassets; sourceTree = "<group>"; };
		1EF68CCF2C1C893C00DC2823 /* Preview Assets.xcassets */ = {isa = PBXFileReference; lastKnownFileType = folder.assetcatalog; path = "Preview Assets.xcassets"; sourceTree = "<group>"; };
		1EF68CEC2C1CB15F00DC2823 /* CardDetailView.swift */ = {isa = PBXFileReference; lastKnownFileType = sourcecode.swift; path = CardDetailView.swift; sourceTree = "<group>"; };
		E7774F662C1CB1BB008CC440 /* TestCardView.swift */ = {isa = PBXFileReference; lastKnownFileType = sourcecode.swift; path = TestCardView.swift; sourceTree = "<group>"; };
		E7774F692C1CBD12008CC440 /* Color+.swift */ = {isa = PBXFileReference; lastKnownFileType = sourcecode.swift; path = "Color+.swift"; sourceTree = "<group>"; };
		E7774F6B2C1CC953008CC440 /* TestMainView.swift */ = {isa = PBXFileReference; lastKnownFileType = sourcecode.swift; path = TestMainView.swift; sourceTree = "<group>"; };
		E7774F6D2C1CC9C2008CC440 /* EmptyTestCardView.swift */ = {isa = PBXFileReference; lastKnownFileType = sourcecode.swift; path = EmptyTestCardView.swift; sourceTree = "<group>"; };
		E7774F6F2C1CE71E008CC440 /* TestInformationView.swift */ = {isa = PBXFileReference; lastKnownFileType = sourcecode.swift; path = TestInformationView.swift; sourceTree = "<group>"; };
		E7774F712C1D2CE8008CC440 /* View+.swift */ = {isa = PBXFileReference; lastKnownFileType = sourcecode.swift; path = "View+.swift"; sourceTree = "<group>"; };
/* End PBXFileReference section */

/* Begin PBXFrameworksBuildPhase section */
		1EF68CC22C1C893A00DC2823 /* Frameworks */ = {
			isa = PBXFrameworksBuildPhase;
			buildActionMask = 2147483647;
			files = (
			);
			runOnlyForDeploymentPostprocessing = 0;
		};
/* End PBXFrameworksBuildPhase section */

/* Begin PBXGroup section */
		1E36E0E72C1D3647002FDD96 /* View */ = {
			isa = PBXGroup;
			children = (
				E7774F6B2C1CC953008CC440 /* TestMainView.swift */,
				1A66D9902C1CB11200174AD4 /* NewCardView.swift */,
				1EF68CEC2C1CB15F00DC2823 /* CardDetailView.swift */,
				E7774F662C1CB1BB008CC440 /* TestCardView.swift */,
				E7774F6D2C1CC9C2008CC440 /* EmptyTestCardView.swift */,
				E7774F6F2C1CE71E008CC440 /* TestInformationView.swift */,
			);
			path = View;
			sourceTree = "<group>";
		};
		1EF68CBC2C1C893A00DC2823 = {
			isa = PBXGroup;
			children = (
				1EF68CC72C1C893A00DC2823 /* 13jo */,
				1EF68CC62C1C893A00DC2823 /* Products */,
			);
			sourceTree = "<group>";
		};
		1EF68CC62C1C893A00DC2823 /* Products */ = {
			isa = PBXGroup;
			children = (
				1EF68CC52C1C893A00DC2823 /* 13jo.app */,
			);
			name = Products;
			sourceTree = "<group>";
		};
		1EF68CC72C1C893A00DC2823 /* 13jo */ = {
			isa = PBXGroup;
			children = (
				1E36E0EA2C1D36FC002FDD96 /* -3jo-Info.plist */,
				1EF68CC82C1C893A00DC2823 /* WorkUpApp.swift */,
				1E36E0E72C1D3647002FDD96 /* View */,
				1EF68CE12C1CAB6D00DC2823 /* Model */,
				1EF68CCC2C1C893C00DC2823 /* Assets.xcassets */,
				E7774F682C1CBCF7008CC440 /* Extensions */,
				1EF68CCE2C1C893C00DC2823 /* Preview Content */,
			);
			path = 13jo;
			sourceTree = "<group>";
		};
		1EF68CCE2C1C893C00DC2823 /* Preview Content */ = {
			isa = PBXGroup;
			children = (
				1EF68CCF2C1C893C00DC2823 /* Preview Assets.xcassets */,
			);
			path = "Preview Content";
			sourceTree = "<group>";
		};
		1EF68CE12C1CAB6D00DC2823 /* Model */ = {
			isa = PBXGroup;
			children = (
				1A66D9922C1CB12200174AD4 /* NewCard.swift */,
				1E36E0E82C1D3686002FDD96 /* MotionManager.swift */,
			);
			path = Model;
			sourceTree = "<group>";
		};
		E7774F682C1CBCF7008CC440 /* Extensions */ = {
			isa = PBXGroup;
			children = (
				E7774F692C1CBD12008CC440 /* Color+.swift */,
				E7774F712C1D2CE8008CC440 /* View+.swift */,
				1E36E0E52C1D34BA002FDD96 /* TextEditor+.swift */,
			);
			path = Extensions;
			sourceTree = "<group>";
		};
/* End PBXGroup section */

/* Begin PBXNativeTarget section */
		1EF68CC42C1C893A00DC2823 /* 13jo */ = {
			isa = PBXNativeTarget;
			buildConfigurationList = 1EF68CD32C1C893C00DC2823 /* Build configuration list for PBXNativeTarget "13jo" */;
			buildPhases = (
				1EF68CC12C1C893A00DC2823 /* Sources */,
				1EF68CC22C1C893A00DC2823 /* Frameworks */,
				1EF68CC32C1C893A00DC2823 /* Resources */,
			);
			buildRules = (
			);
			dependencies = (
			);
			name = 13jo;
			productName = 13jo;
			productReference = 1EF68CC52C1C893A00DC2823 /* 13jo.app */;
			productType = "com.apple.product-type.application";
		};
/* End PBXNativeTarget section */

/* Begin PBXProject section */
		1EF68CBD2C1C893A00DC2823 /* Project object */ = {
			isa = PBXProject;
			attributes = {
				BuildIndependentTargetsInParallel = 1;
				LastSwiftUpdateCheck = 1540;
				LastUpgradeCheck = 1540;
				TargetAttributes = {
					1EF68CC42C1C893A00DC2823 = {
						CreatedOnToolsVersion = 15.4;
					};
				};
			};
			buildConfigurationList = 1EF68CC02C1C893A00DC2823 /* Build configuration list for PBXProject "13jo" */;
			compatibilityVersion = "Xcode 14.0";
			developmentRegion = en;
			hasScannedForEncodings = 0;
			knownRegions = (
				en,
				Base,
			);
			mainGroup = 1EF68CBC2C1C893A00DC2823;
			productRefGroup = 1EF68CC62C1C893A00DC2823 /* Products */;
			projectDirPath = "";
			projectRoot = "";
			targets = (
				1EF68CC42C1C893A00DC2823 /* 13jo */,
			);
		};
/* End PBXProject section */

/* Begin PBXResourcesBuildPhase section */
		1EF68CC32C1C893A00DC2823 /* Resources */ = {
			isa = PBXResourcesBuildPhase;
			buildActionMask = 2147483647;
			files = (
				1EF68CD02C1C893C00DC2823 /* Preview Assets.xcassets in Resources */,
				1E36E0EB2C1D3782002FDD96 /* -3jo-Info.plist in Resources */,
				1EF68CCD2C1C893C00DC2823 /* Assets.xcassets in Resources */,
			);
			runOnlyForDeploymentPostprocessing = 0;
		};
/* End PBXResourcesBuildPhase section */

/* Begin PBXSourcesBuildPhase section */
		1EF68CC12C1C893A00DC2823 /* Sources */ = {
			isa = PBXSourcesBuildPhase;
			buildActionMask = 2147483647;
			files = (
				1E36E0E92C1D3686002FDD96 /* MotionManager.swift in Sources */,
				E7774F702C1CE71E008CC440 /* TestInformationView.swift in Sources */,
				E7774F6C2C1CC953008CC440 /* TestMainView.swift in Sources */,
				E7774F6E2C1CC9C2008CC440 /* EmptyTestCardView.swift in Sources */,
				E7774F722C1D2CE8008CC440 /* View+.swift in Sources */,
				E7774F6A2C1CBD12008CC440 /* Color+.swift in Sources */,
				1EF68CC92C1C893A00DC2823 /* WorkUpApp.swift in Sources */,
				1E36E0E62C1D34BA002FDD96 /* TextEditor+.swift in Sources */,
				E7774F672C1CB1BB008CC440 /* TestCardView.swift in Sources */,
				1EF68CED2C1CB15F00DC2823 /* CardDetailView.swift in Sources */,
				1A66D9932C1CB12200174AD4 /* NewCard.swift in Sources */,
				1A66D9912C1CB11200174AD4 /* NewCardView.swift in Sources */,
			);
			runOnlyForDeploymentPostprocessing = 0;
		};
/* End PBXSourcesBuildPhase section */

/* Begin XCBuildConfiguration section */
		1EF68CD12C1C893C00DC2823 /* Debug */ = {
			isa = XCBuildConfiguration;
			buildSettings = {
				ALWAYS_SEARCH_USER_PATHS = NO;
				ASSETCATALOG_COMPILER_GENERATE_SWIFT_ASSET_SYMBOL_EXTENSIONS = YES;
				CLANG_ANALYZER_NONNULL = YES;
				CLANG_ANALYZER_NUMBER_OBJECT_CONVERSION = YES_AGGRESSIVE;
				CLANG_CXX_LANGUAGE_STANDARD = "gnu++20";
				CLANG_ENABLE_MODULES = YES;
				CLANG_ENABLE_OBJC_ARC = YES;
				CLANG_ENABLE_OBJC_WEAK = YES;
				CLANG_WARN_BLOCK_CAPTURE_AUTORELEASING = YES;
				CLANG_WARN_BOOL_CONVERSION = YES;
				CLANG_WARN_COMMA = YES;
				CLANG_WARN_CONSTANT_CONVERSION = YES;
				CLANG_WARN_DEPRECATED_OBJC_IMPLEMENTATIONS = YES;
				CLANG_WARN_DIRECT_OBJC_ISA_USAGE = YES_ERROR;
				CLANG_WARN_DOCUMENTATION_COMMENTS = YES;
				CLANG_WARN_EMPTY_BODY = YES;
				CLANG_WARN_ENUM_CONVERSION = YES;
				CLANG_WARN_INFINITE_RECURSION = YES;
				CLANG_WARN_INT_CONVERSION = YES;
				CLANG_WARN_NON_LITERAL_NULL_CONVERSION = YES;
				CLANG_WARN_OBJC_IMPLICIT_RETAIN_SELF = YES;
				CLANG_WARN_OBJC_LITERAL_CONVERSION = YES;
				CLANG_WARN_OBJC_ROOT_CLASS = YES_ERROR;
				CLANG_WARN_QUOTED_INCLUDE_IN_FRAMEWORK_HEADER = YES;
				CLANG_WARN_RANGE_LOOP_ANALYSIS = YES;
				CLANG_WARN_STRICT_PROTOTYPES = YES;
				CLANG_WARN_SUSPICIOUS_MOVE = YES;
				CLANG_WARN_UNGUARDED_AVAILABILITY = YES_AGGRESSIVE;
				CLANG_WARN_UNREACHABLE_CODE = YES;
				CLANG_WARN__DUPLICATE_METHOD_MATCH = YES;
				COPY_PHASE_STRIP = NO;
				DEBUG_INFORMATION_FORMAT = dwarf;
				ENABLE_STRICT_OBJC_MSGSEND = YES;
				ENABLE_TESTABILITY = YES;
				ENABLE_USER_SCRIPT_SANDBOXING = YES;
				GCC_C_LANGUAGE_STANDARD = gnu17;
				GCC_DYNAMIC_NO_PIC = NO;
				GCC_NO_COMMON_BLOCKS = YES;
				GCC_OPTIMIZATION_LEVEL = 0;
				GCC_PREPROCESSOR_DEFINITIONS = (
					"DEBUG=1",
					"$(inherited)",
				);
				GCC_WARN_64_TO_32_BIT_CONVERSION = YES;
				GCC_WARN_ABOUT_RETURN_TYPE = YES_ERROR;
				GCC_WARN_UNDECLARED_SELECTOR = YES;
				GCC_WARN_UNINITIALIZED_AUTOS = YES_AGGRESSIVE;
				GCC_WARN_UNUSED_FUNCTION = YES;
				GCC_WARN_UNUSED_VARIABLE = YES;
				IPHONEOS_DEPLOYMENT_TARGET = 17.0;
				LOCALIZATION_PREFERS_STRING_CATALOGS = YES;
				MTL_ENABLE_DEBUG_INFO = INCLUDE_SOURCE;
				MTL_FAST_MATH = YES;
				ONLY_ACTIVE_ARCH = YES;
				SDKROOT = iphoneos;
				SWIFT_ACTIVE_COMPILATION_CONDITIONS = "DEBUG $(inherited)";
				SWIFT_OPTIMIZATION_LEVEL = "-Onone";
			};
			name = Debug;
		};
		1EF68CD22C1C893C00DC2823 /* Release */ = {
			isa = XCBuildConfiguration;
			buildSettings = {
				ALWAYS_SEARCH_USER_PATHS = NO;
				ASSETCATALOG_COMPILER_GENERATE_SWIFT_ASSET_SYMBOL_EXTENSIONS = YES;
				CLANG_ANALYZER_NONNULL = YES;
				CLANG_ANALYZER_NUMBER_OBJECT_CONVERSION = YES_AGGRESSIVE;
				CLANG_CXX_LANGUAGE_STANDARD = "gnu++20";
				CLANG_ENABLE_MODULES = YES;
				CLANG_ENABLE_OBJC_ARC = YES;
				CLANG_ENABLE_OBJC_WEAK = YES;
				CLANG_WARN_BLOCK_CAPTURE_AUTORELEASING = YES;
				CLANG_WARN_BOOL_CONVERSION = YES;
				CLANG_WARN_COMMA = YES;
				CLANG_WARN_CONSTANT_CONVERSION = YES;
				CLANG_WARN_DEPRECATED_OBJC_IMPLEMENTATIONS = YES;
				CLANG_WARN_DIRECT_OBJC_ISA_USAGE = YES_ERROR;
				CLANG_WARN_DOCUMENTATION_COMMENTS = YES;
				CLANG_WARN_EMPTY_BODY = YES;
				CLANG_WARN_ENUM_CONVERSION = YES;
				CLANG_WARN_INFINITE_RECURSION = YES;
				CLANG_WARN_INT_CONVERSION = YES;
				CLANG_WARN_NON_LITERAL_NULL_CONVERSION = YES;
				CLANG_WARN_OBJC_IMPLICIT_RETAIN_SELF = YES;
				CLANG_WARN_OBJC_LITERAL_CONVERSION = YES;
				CLANG_WARN_OBJC_ROOT_CLASS = YES_ERROR;
				CLANG_WARN_QUOTED_INCLUDE_IN_FRAMEWORK_HEADER = YES;
				CLANG_WARN_RANGE_LOOP_ANALYSIS = YES;
				CLANG_WARN_STRICT_PROTOTYPES = YES;
				CLANG_WARN_SUSPICIOUS_MOVE = YES;
				CLANG_WARN_UNGUARDED_AVAILABILITY = YES_AGGRESSIVE;
				CLANG_WARN_UNREACHABLE_CODE = YES;
				CLANG_WARN__DUPLICATE_METHOD_MATCH = YES;
				COPY_PHASE_STRIP = NO;
				DEBUG_INFORMATION_FORMAT = "dwarf-with-dsym";
				ENABLE_NS_ASSERTIONS = NO;
				ENABLE_STRICT_OBJC_MSGSEND = YES;
				ENABLE_USER_SCRIPT_SANDBOXING = YES;
				GCC_C_LANGUAGE_STANDARD = gnu17;
				GCC_NO_COMMON_BLOCKS = YES;
				GCC_WARN_64_TO_32_BIT_CONVERSION = YES;
				GCC_WARN_ABOUT_RETURN_TYPE = YES_ERROR;
				GCC_WARN_UNDECLARED_SELECTOR = YES;
				GCC_WARN_UNINITIALIZED_AUTOS = YES_AGGRESSIVE;
				GCC_WARN_UNUSED_FUNCTION = YES;
				GCC_WARN_UNUSED_VARIABLE = YES;
				IPHONEOS_DEPLOYMENT_TARGET = 17.0;
				LOCALIZATION_PREFERS_STRING_CATALOGS = YES;
				MTL_ENABLE_DEBUG_INFO = NO;
				MTL_FAST_MATH = YES;
				SDKROOT = iphoneos;
				SWIFT_COMPILATION_MODE = wholemodule;
				VALIDATE_PRODUCT = YES;
			};
			name = Release;
		};
		1EF68CD42C1C893C00DC2823 /* Debug */ = {
			isa = XCBuildConfiguration;
			buildSettings = {
				ASSETCATALOG_COMPILER_APPICON_NAME = AppIcon;
				ASSETCATALOG_COMPILER_GLOBAL_ACCENT_COLOR_NAME = AccentColor;
				CODE_SIGN_STYLE = Automatic;
				CURRENT_PROJECT_VERSION = 1;
				DEVELOPMENT_ASSET_PATHS = "\"13jo/Preview Content\"";
				DEVELOPMENT_TEAM = AQCS8SYVV6;
				ENABLE_PREVIEWS = YES;
				GENERATE_INFOPLIST_FILE = YES;
				INFOPLIST_FILE = "-3jo-Info.plist";
				INFOPLIST_KEY_CFBundleDisplayName = WorkUp;
				INFOPLIST_KEY_UIApplicationSceneManifest_Generation = YES;
				INFOPLIST_KEY_UIApplicationSupportsIndirectInputEvents = YES;
				INFOPLIST_KEY_UILaunchScreen_Generation = YES;
				INFOPLIST_KEY_UISupportedInterfaceOrientations_iPad = "UIInterfaceOrientationPortrait UIInterfaceOrientationPortraitUpsideDown UIInterfaceOrientationLandscapeLeft UIInterfaceOrientationLandscapeRight";
				INFOPLIST_KEY_UISupportedInterfaceOrientations_iPhone = "UIInterfaceOrientationPortrait UIInterfaceOrientationLandscapeLeft UIInterfaceOrientationLandscapeRight";
				IPHONEOS_DEPLOYMENT_TARGET = 17.0;
				LD_RUNPATH_SEARCH_PATHS = (
					"$(inherited)",
					"@executable_path/Frameworks",
				);
				MARKETING_VERSION = 1.0;
				PRODUCT_BUNDLE_IDENTIFIER = "ac.appleDevelop.-3jo";
				PRODUCT_NAME = "$(TARGET_NAME)";
				SWIFT_EMIT_LOC_STRINGS = YES;
				SWIFT_VERSION = 5.0;
				TARGETED_DEVICE_FAMILY = "1,2";
			};
			name = Debug;
		};
		1EF68CD52C1C893C00DC2823 /* Release */ = {
			isa = XCBuildConfiguration;
			buildSettings = {
				ASSETCATALOG_COMPILER_APPICON_NAME = AppIcon;
				ASSETCATALOG_COMPILER_GLOBAL_ACCENT_COLOR_NAME = AccentColor;
				CODE_SIGN_STYLE = Automatic;
				CURRENT_PROJECT_VERSION = 1;
				DEVELOPMENT_ASSET_PATHS = "\"13jo/Preview Content\"";
				DEVELOPMENT_TEAM = AQCS8SYVV6;
				ENABLE_PREVIEWS = YES;
				GENERATE_INFOPLIST_FILE = YES;
				INFOPLIST_FILE = "-3jo-Info.plist";
				INFOPLIST_KEY_CFBundleDisplayName = WorkUp;
				INFOPLIST_KEY_UIApplicationSceneManifest_Generation = YES;
				INFOPLIST_KEY_UIApplicationSupportsIndirectInputEvents = YES;
				INFOPLIST_KEY_UILaunchScreen_Generation = YES;
				INFOPLIST_KEY_UISupportedInterfaceOrientations_iPad = "UIInterfaceOrientationPortrait UIInterfaceOrientationPortraitUpsideDown UIInterfaceOrientationLandscapeLeft UIInterfaceOrientationLandscapeRight";
				INFOPLIST_KEY_UISupportedInterfaceOrientations_iPhone = "UIInterfaceOrientationPortrait UIInterfaceOrientationLandscapeLeft UIInterfaceOrientationLandscapeRight";
				IPHONEOS_DEPLOYMENT_TARGET = 17.0;
				LD_RUNPATH_SEARCH_PATHS = (
					"$(inherited)",
					"@executable_path/Frameworks",
				);
				MARKETING_VERSION = 1.0;
				PRODUCT_BUNDLE_IDENTIFIER = "ac.appleDevelop.-3jo";
				PRODUCT_NAME = "$(TARGET_NAME)";
				SWIFT_EMIT_LOC_STRINGS = YES;
				SWIFT_VERSION = 5.0;
				TARGETED_DEVICE_FAMILY = "1,2";
			};
			name = Release;
		};
/* End XCBuildConfiguration section */

/* Begin XCConfigurationList section */
		1EF68CC02C1C893A00DC2823 /* Build configuration list for PBXProject "13jo" */ = {
			isa = XCConfigurationList;
			buildConfigurations = (
				1EF68CD12C1C893C00DC2823 /* Debug */,
				1EF68CD22C1C893C00DC2823 /* Release */,
			);
			defaultConfigurationIsVisible = 0;
			defaultConfigurationName = Release;
		};
		1EF68CD32C1C893C00DC2823 /* Build configuration list for PBXNativeTarget "13jo" */ = {
			isa = XCConfigurationList;
			buildConfigurations = (
				1EF68CD42C1C893C00DC2823 /* Debug */,
				1EF68CD52C1C893C00DC2823 /* Release */,
			);
			defaultConfigurationIsVisible = 0;
			defaultConfigurationName = Release;
		};
/* End XCConfigurationList section */
	};
	rootObject = 1EF68CBD2C1C893A00DC2823 /* Project object */;
}
